
Microsoft Visual Studio Solution File, Format Version 12.00
# Visual Studio 15
VisualStudioVersion = 15.0.28307.329
MinimumVisualStudioVersion = 10.0.40219.1
Project("{FAE04EC0-301F-11D3-BF4B-00C04F79EFBC}") = "TTCN2", "TTCN2\TTCN2.csproj", "{90C987A3-7F85-4CD3-ADFB-6C6B4C9E868F}"
EndProject
Global
	GlobalSection(SolutionConfigurationPlatforms) = preSolution
		Debug|Any CPU = Debug|Any CPU
		Release|Any CPU = Release|Any CPU
	EndGlobalSection
	GlobalSection(ProjectConfigurationPlatforms) = postSolution
		{90C987A3-7F85-4CD3-ADFB-6C6B4C9E868F}.Debug|Any CPU.ActiveCfg = Debug|Any CPU
		{90C987A3-7F85-4CD3-ADFB-6C6B4C9E868F}.Debug|Any CPU.Build.0 = Debug|Any CPU
		{90C987A3-7F85-4CD3-ADFB-6C6B4C9E868F}.Release|Any CPU.ActiveCfg = Release|Any CPU
		{90C987A3-7F85-4CD3-ADFB-6C6B4C9E868F}.Release|Any CPU.Build.0 = Release|Any CPU
	EndGlobalSection
	GlobalSection(SolutionProperties) = preSolution
		HideSolutionNode = FALSE
	EndGlobalSection
	GlobalSection(ExtensibilityGlobals) = postSolution
		SolutionGuid = {4EF50A19-32EB-497B-91A5-164B6B442E28}
	EndGlobalSection
EndGlobal
